
Microsoft Visual Studio Solution File, Format Version 12.00
# Visual Studio 15
VisualStudioVersion = 15.0.26730.15
MinimumVisualStudioVersion = 10.0.40219.1
Project("{8BC9CEB8-8B4A-11D0-8D11-00A0C91BC942}") = "TieBreakerAlgorithm", "TieBreakerAlgorithm.vcxproj", "{62221D88-CAAB-4A44-AFBE-FF8E32AB47F7}"
EndProject
Global
	GlobalSection(SolutionConfigurationPlatforms) = preSolution
		Debug|x64 = Debug|x64
		Debug|x86 = Debug|x86
		Release|x64 = Release|x64
		Release|x86 = Release|x86
	EndGlobalSection
	GlobalSection(ProjectConfigurationPlatforms) = postSolution
		{62221D88-CAAB-4A44-AFBE-FF8E32AB47F7}.Debug|x64.ActiveCfg = Debug|x64
		{62221D88-CAAB-4A44-AFBE-FF8E32AB47F7}.Debug|x64.Build.0 = Debug|x64
		{62221D88-CAAB-4A44-AFBE-FF8E32AB47F7}.Debug|x86.ActiveCfg = Debug|Win32
		{62221D88-CAAB-4A44-AFBE-FF8E32AB47F7}.Debug|x86.Build.0 = Debug|Win32
		{62221D88-CAAB-4A44-AFBE-FF8E32AB47F7}.Release|x64.ActiveCfg = Release|x64
		{62221D88-CAAB-4A44-AFBE-FF8E32AB47F7}.Release|x64.Build.0 = Release|x64
		{62221D88-CAAB-4A44-AFBE-FF8E32AB47F7}.Release|x86.ActiveCfg = Release|Win32
		{62221D88-CAAB-4A44-AFBE-FF8E32AB47F7}.Release|x86.Build.0 = Release|Win32
	EndGlobalSection
	GlobalSection(SolutionProperties) = preSolution
		HideSolutionNode = FALSE
	EndGlobalSection
	GlobalSection(ExtensibilityGlobals) = postSolution
		SolutionGuid = {4E5ADEC6-0371-4942-B3C9-900EB5BB6A99}
	EndGlobalSection
EndGlobal
