
Microsoft Visual Studio Solution File, Format Version 12.00
# Visual Studio 15
VisualStudioVersion = 15.0.26730.15
MinimumVisualStudioVersion = 10.0.40219.1
Project("{8BC9CEB8-8B4A-11D0-8D11-00A0C91BC942}") = "SDL_Starter_app", "ThomasWasAlone\ThomasWasAlone.vcxproj", "{AE3414E4-102D-4D89-AB70-CF22EB966595}"
EndProject
Project("{8BC9CEB8-8B4A-11D0-8D11-00A0C91BC942}") = "UnitTest1", "UnitTest1\UnitTest1.vcxproj", "{72BFD8A9-9F85-474E-B592-18EC22ECD7AA}"
EndProject
Global
	GlobalSection(SolutionConfigurationPlatforms) = preSolution
		Debug|x64 = Debug|x64
		Debug|x86 = Debug|x86
		Release|x64 = Release|x64
		Release|x86 = Release|x86
	EndGlobalSection
	GlobalSection(ProjectConfigurationPlatforms) = postSolution
		{AE3414E4-102D-4D89-AB70-CF22EB966595}.Debug|x64.ActiveCfg = Debug|x64
		{AE3414E4-102D-4D89-AB70-CF22EB966595}.Debug|x64.Build.0 = Debug|x64
		{AE3414E4-102D-4D89-AB70-CF22EB966595}.Debug|x86.ActiveCfg = Debug|Win32
		{AE3414E4-102D-4D89-AB70-CF22EB966595}.Debug|x86.Build.0 = Debug|Win32
		{AE3414E4-102D-4D89-AB70-CF22EB966595}.Release|x64.ActiveCfg = Release|x64
		{AE3414E4-102D-4D89-AB70-CF22EB966595}.Release|x64.Build.0 = Release|x64
		{AE3414E4-102D-4D89-AB70-CF22EB966595}.Release|x86.ActiveCfg = Release|Win32
		{AE3414E4-102D-4D89-AB70-CF22EB966595}.Release|x86.Build.0 = Release|Win32
		{72BFD8A9-9F85-474E-B592-18EC22ECD7AA}.Debug|x64.ActiveCfg = Debug|x64
		{72BFD8A9-9F85-474E-B592-18EC22ECD7AA}.Debug|x64.Build.0 = Debug|x64
		{72BFD8A9-9F85-474E-B592-18EC22ECD7AA}.Debug|x86.ActiveCfg = Debug|Win32
		{72BFD8A9-9F85-474E-B592-18EC22ECD7AA}.Debug|x86.Build.0 = Debug|Win32
		{72BFD8A9-9F85-474E-B592-18EC22ECD7AA}.Release|x64.ActiveCfg = Release|x64
		{72BFD8A9-9F85-474E-B592-18EC22ECD7AA}.Release|x64.Build.0 = Release|x64
		{72BFD8A9-9F85-474E-B592-18EC22ECD7AA}.Release|x86.ActiveCfg = Release|Win32
		{72BFD8A9-9F85-474E-B592-18EC22ECD7AA}.Release|x86.Build.0 = Release|Win32
	EndGlobalSection
	GlobalSection(SolutionProperties) = preSolution
		HideSolutionNode = FALSE
	EndGlobalSection
	GlobalSection(ExtensibilityGlobals) = postSolution
		SolutionGuid = {4F104CF8-90E4-4CD9-8BC9-6FDDB940F5A1}
	EndGlobalSection
EndGlobal
